{
  "name": "common",
  "version": "1.0.0",
  "lockfileVersion": 3,
  "requires": true,
  "packages": {
    "": {
      "name": "common",
      "version": "1.0.0",
      "license": "ISC",
      "dependencies": {
        "zod": "^3.22.5"
      }
    },
    "node_modules/zod": {
      "version": "3.22.5",
      "resolved": "https://registry.npmjs.org/zod/-/zod-3.22.5.tgz",
      "integrity": "sha512-HqnGsCdVZ2xc0qWPLdO25WnseXThh0kEYKIdV5F/hTHO75hNZFp8thxSeHhiPrHZKrFTo1SOgkAj9po5bexZlw==",
      "funding": {
        "url": "https://github.com/sponsors/colinhacks"
      }
    }
  }
}
